{
  "name": "weather",
  "version": "1.0.0",
  "lockfileVersion": 3,
  "requires": true,
  "packages": {
    "": {
      "name": "weather",
      "version": "1.0.0",
      "license": "ISC",
      "dependencies": {
        "callback-fetch": "^0.0.1"
      }
    },
    "node_modules/callback-fetch": {
      "version": "0.0.1",
      "resolved": "https://registry.npmjs.org/callback-fetch/-/callback-fetch-0.0.1.tgz",
      "integrity": "sha512-keJHMefo++yx/XSikBb90bwR+LCzzDpGABzDQRWWj7R4F/QYSSRGiCARecOaMCQBBumx6s91RQuBm9jN17hlRA=="
    }
  }
}
